// !$*UTF8*$!
{
	archiveVersion = 1;
	classes = {
	};
	objectVersion = 77;
	objects = {

/* Begin PBXBuildFile section */
		06152DAC2E2D4DA800EA86B6 /* InlineSnapshotTesting in Frameworks */ = {isa = PBXBuildFile; productRef = 06152DAB2E2D4DA800EA86B6 /* InlineSnapshotTesting */; };
		06152DAE2E2D4DA800EA86B6 /* SnapshotTesting in Frameworks */ = {isa = PBXBuildFile; productRef = 06152DAD2E2D4DA800EA86B6 /* SnapshotTesting */; };
		06152DB02E2D4DA800EA86B6 /* SnapshotTestingCustomDump in Frameworks */ = {isa = PBXBuildFile; productRef = 06152DAF2E2D4DA800EA86B6 /* SnapshotTestingCustomDump */; };
		0669CAA52E2E66A6003E87D1 /* AppMetricaAdSupport in Frameworks */ = {isa = PBXBuildFile; productRef = 0669CAA42E2E66A6003E87D1 /* AppMetricaAdSupport */; };
		0669CAA72E2E66A6003E87D1 /* AppMetricaCore in Frameworks */ = {isa = PBXBuildFile; productRef = 0669CAA62E2E66A6003E87D1 /* AppMetricaCore */; };
		0669CAA92E2E66A6003E87D1 /* AppMetricaCrashes in Frameworks */ = {isa = PBXBuildFile; productRef = 0669CAA82E2E66A6003E87D1 /* AppMetricaCrashes */; };
		0669CAAB2E2E66A6003E87D1 /* AppMetricaLibraryAdapter in Frameworks */ = {isa = PBXBuildFile; productRef = 0669CAAA2E2E66A6003E87D1 /* AppMetricaLibraryAdapter */; };
		0669CAAD2E2E66A6003E87D1 /* AppMetricaScreenshot in Frameworks */ = {isa = PBXBuildFile; productRef = 0669CAAC2E2E66A6003E87D1 /* AppMetricaScreenshot */; };
		0669CAAF2E2E66A6003E87D1 /* AppMetricaWebKit in Frameworks */ = {isa = PBXBuildFile; productRef = 0669CAAE2E2E66A6003E87D1 /* AppMetricaWebKit */; };
/* End PBXBuildFile section */

/* Begin PBXContainerItemProxy section */
		06152DA52E2D4D7D00EA86B6 /* PBXContainerItemProxy */ = {
			isa = PBXContainerItemProxy;
			containerPortal = 06FF830E2DE490CF00394EA2 /* Project object */;
			proxyType = 1;
			remoteGlobalIDString = 06FF83152DE490CF00394EA2;
			remoteInfo = Tracker;
		};
/* End PBXContainerItemProxy section */

/* Begin PBXFileReference section */
		06152DA12E2D4D7D00EA86B6 /* TrackerTests.xctest */ = {isa = PBXFileReference; explicitFileType = wrapper.cfbundle; includeInIndex = 0; path = TrackerTests.xctest; sourceTree = BUILT_PRODUCTS_DIR; };
		06FF83162DE490CF00394EA2 /* Tracker.app */ = {isa = PBXFileReference; explicitFileType = wrapper.application; includeInIndex = 0; path = Tracker.app; sourceTree = BUILT_PRODUCTS_DIR; };
/* End PBXFileReference section */

/* Begin PBXFileSystemSynchronizedBuildFileExceptionSet section */
		06FF83282DE490D100394EA2 /* Exceptions for "Tracker" folder in "Tracker" target */ = {
			isa = PBXFileSystemSynchronizedBuildFileExceptionSet;
			membershipExceptions = (
				Info.plist,
			);
			target = 06FF83152DE490CF00394EA2 /* Tracker */;
		};
/* End PBXFileSystemSynchronizedBuildFileExceptionSet section */

/* Begin PBXFileSystemSynchronizedRootGroup section */
		06152DA22E2D4D7D00EA86B6 /* TrackerTests */ = {
			isa = PBXFileSystemSynchronizedRootGroup;
			path = TrackerTests;
			sourceTree = "<group>";
		};
		06FF83182DE490CF00394EA2 /* Tracker */ = {
			isa = PBXFileSystemSynchronizedRootGroup;
			exceptions = (
				06FF83282DE490D100394EA2 /* Exceptions for "Tracker" folder in "Tracker" target */,
			);
			path = Tracker;
			sourceTree = "<group>";
		};
/* End PBXFileSystemSynchronizedRootGroup section */

/* Begin PBXFrameworksBuildPhase section */
		06152D9E2E2D4D7D00EA86B6 /* Frameworks */ = {
			isa = PBXFrameworksBuildPhase;
			buildActionMask = 2147483647;
			files = (
				06152DB02E2D4DA800EA86B6 /* SnapshotTestingCustomDump in Frameworks */,
				06152DAC2E2D4DA800EA86B6 /* InlineSnapshotTesting in Frameworks */,
				06152DAE2E2D4DA800EA86B6 /* SnapshotTesting in Frameworks */,
			);
			runOnlyForDeploymentPostprocessing = 0;
		};
		06FF83132DE490CF00394EA2 /* Frameworks */ = {
			isa = PBXFrameworksBuildPhase;
			buildActionMask = 2147483647;
			files = (
				0669CAAB2E2E66A6003E87D1 /* AppMetricaLibraryAdapter in Frameworks */,
				0669CAA92E2E66A6003E87D1 /* AppMetricaCrashes in Frameworks */,
				0669CAA52E2E66A6003E87D1 /* AppMetricaAdSupport in Frameworks */,
				0669CAAD2E2E66A6003E87D1 /* AppMetricaScreenshot in Frameworks */,
				0669CAAF2E2E66A6003E87D1 /* AppMetricaWebKit in Frameworks */,
				0669CAA72E2E66A6003E87D1 /* AppMetricaCore in Frameworks */,
			);
			runOnlyForDeploymentPostprocessing = 0;
		};
/* End PBXFrameworksBuildPhase section */

/* Begin PBXGroup section */
		06FF830D2DE490CF00394EA2 = {
			isa = PBXGroup;
			children = (
				06FF83182DE490CF00394EA2 /* Tracker */,
				06152DA22E2D4D7D00EA86B6 /* TrackerTests */,
				06FF83172DE490CF00394EA2 /* Products */,
			);
			sourceTree = "<group>";
		};
		06FF83172DE490CF00394EA2 /* Products */ = {
			isa = PBXGroup;
			children = (
				06FF83162DE490CF00394EA2 /* Tracker.app */,
				06152DA12E2D4D7D00EA86B6 /* TrackerTests.xctest */,
			);
			name = Products;
			sourceTree = "<group>";
		};
/* End PBXGroup section */

/* Begin PBXNativeTarget section */
		06152DA02E2D4D7D00EA86B6 /* TrackerTests */ = {
			isa = PBXNativeTarget;
			buildConfigurationList = 06152DA72E2D4D7D00EA86B6 /* Build configuration list for PBXNativeTarget "TrackerTests" */;
			buildPhases = (
				06152D9D2E2D4D7D00EA86B6 /* Sources */,
				06152D9E2E2D4D7D00EA86B6 /* Frameworks */,
				06152D9F2E2D4D7D00EA86B6 /* Resources */,
			);
			buildRules = (
			);
			dependencies = (
				06152DA62E2D4D7D00EA86B6 /* PBXTargetDependency */,
			);
			fileSystemSynchronizedGroups = (
				06152DA22E2D4D7D00EA86B6 /* TrackerTests */,
			);
			name = TrackerTests;
			packageProductDependencies = (
				06152DAB2E2D4DA800EA86B6 /* InlineSnapshotTesting */,
				06152DAD2E2D4DA800EA86B6 /* SnapshotTesting */,
				06152DAF2E2D4DA800EA86B6 /* SnapshotTestingCustomDump */,
			);
			productName = TrackerTests;
			productReference = 06152DA12E2D4D7D00EA86B6 /* TrackerTests.xctest */;
			productType = "com.apple.product-type.bundle.unit-test";
		};
		06FF83152DE490CF00394EA2 /* Tracker */ = {
			isa = PBXNativeTarget;
			buildConfigurationList = 06FF83292DE490D100394EA2 /* Build configuration list for PBXNativeTarget "Tracker" */;
			buildPhases = (
				06FF83122DE490CF00394EA2 /* Sources */,
				06FF83132DE490CF00394EA2 /* Frameworks */,
				06FF83142DE490CF00394EA2 /* Resources */,
			);
			buildRules = (
			);
			dependencies = (
			);
			fileSystemSynchronizedGroups = (
				06FF83182DE490CF00394EA2 /* Tracker */,
			);
			name = Tracker;
			packageProductDependencies = (
				0669CAA42E2E66A6003E87D1 /* AppMetricaAdSupport */,
				0669CAA62E2E66A6003E87D1 /* AppMetricaCore */,
				0669CAA82E2E66A6003E87D1 /* AppMetricaCrashes */,
				0669CAAA2E2E66A6003E87D1 /* AppMetricaLibraryAdapter */,
				0669CAAC2E2E66A6003E87D1 /* AppMetricaScreenshot */,
				0669CAAE2E2E66A6003E87D1 /* AppMetricaWebKit */,
			);
			productName = Tracker;
			productReference = 06FF83162DE490CF00394EA2 /* Tracker.app */;
			productType = "com.apple.product-type.application";
		};
/* End PBXNativeTarget section */

/* Begin PBXProject section */
		06FF830E2DE490CF00394EA2 /* Project object */ = {
			isa = PBXProject;
			attributes = {
				BuildIndependentTargetsInParallel = 1;
				LastSwiftUpdateCheck = 1640;
				LastUpgradeCheck = 1630;
				TargetAttributes = {
					06152DA02E2D4D7D00EA86B6 = {
						CreatedOnToolsVersion = 16.4;
						TestTargetID = 06FF83152DE490CF00394EA2;
					};
					06FF83152DE490CF00394EA2 = {
						CreatedOnToolsVersion = 16.3;
					};
				};
			};
			buildConfigurationList = 06FF83112DE490CF00394EA2 /* Build configuration list for PBXProject "Tracker" */;
			developmentRegion = en;
			hasScannedForEncodings = 0;
			knownRegions = (
				en,
				Base,
				ru,
			);
			mainGroup = 06FF830D2DE490CF00394EA2;
			minimizedProjectReferenceProxies = 1;
			packageReferences = (
				06152DAA2E2D4DA800EA86B6 /* XCRemoteSwiftPackageReference "swift-snapshot-testing" */,
				0669CAA32E2E66A6003E87D1 /* XCRemoteSwiftPackageReference "appmetrica-sdk-ios" */,
			);
			preferredProjectObjectVersion = 77;
			productRefGroup = 06FF83172DE490CF00394EA2 /* Products */;
			projectDirPath = "";
			projectRoot = "";
			targets = (
				06FF83152DE490CF00394EA2 /* Tracker */,
				06152DA02E2D4D7D00EA86B6 /* TrackerTests */,
			);
		};
/* End PBXProject section */

/* Begin PBXResourcesBuildPhase section */
		06152D9F2E2D4D7D00EA86B6 /* Resources */ = {
			isa = PBXResourcesBuildPhase;
			buildActionMask = 2147483647;
			files = (
			);
			runOnlyForDeploymentPostprocessing = 0;
		};
		06FF83142DE490CF00394EA2 /* Resources */ = {
			isa = PBXResourcesBuildPhase;
			buildActionMask = 2147483647;
			files = (
			);
			runOnlyForDeploymentPostprocessing = 0;
		};
/* End PBXResourcesBuildPhase section */

/* Begin PBXSourcesBuildPhase section */
		06152D9D2E2D4D7D00EA86B6 /* Sources */ = {
			isa = PBXSourcesBuildPhase;
			buildActionMask = 2147483647;
			files = (
			);
			runOnlyForDeploymentPostprocessing = 0;
		};
		06FF83122DE490CF00394EA2 /* Sources */ = {
			isa = PBXSourcesBuildPhase;
			buildActionMask = 2147483647;
			files = (
			);
			runOnlyForDeploymentPostprocessing = 0;
		};
/* End PBXSourcesBuildPhase section */

/* Begin PBXTargetDependency section */
		06152DA62E2D4D7D00EA86B6 /* PBXTargetDependency */ = {
			isa = PBXTargetDependency;
			target = 06FF83152DE490CF00394EA2 /* Tracker */;
			targetProxy = 06152DA52E2D4D7D00EA86B6 /* PBXContainerItemProxy */;
		};
/* End PBXTargetDependency section */

/* Begin XCBuildConfiguration section */
		06152DA82E2D4D7D00EA86B6 /* Debug */ = {
			isa = XCBuildConfiguration;
			buildSettings = {
				BUNDLE_LOADER = "$(TEST_HOST)";
				CODE_SIGN_STYLE = Automatic;
				CURRENT_PROJECT_VERSION = 1;
				DEVELOPMENT_TEAM = JUPL36J53E;
				GENERATE_INFOPLIST_FILE = YES;
				IPHONEOS_DEPLOYMENT_TARGET = 13.4;
				MARKETING_VERSION = 1.0;
				PRODUCT_BUNDLE_IDENTIFIER = com.alexeynepryakhin.TrackerTests;
				PRODUCT_NAME = "$(TARGET_NAME)";
				SWIFT_EMIT_LOC_STRINGS = NO;
				SWIFT_VERSION = 5.0;
				TARGETED_DEVICE_FAMILY = "1,2";
				TEST_HOST = "$(BUILT_PRODUCTS_DIR)/Tracker.app/$(BUNDLE_EXECUTABLE_FOLDER_PATH)/Tracker";
			};
			name = Debug;
		};
		06152DA92E2D4D7D00EA86B6 /* Release */ = {
			isa = XCBuildConfiguration;
			buildSettings = {
				BUNDLE_LOADER = "$(TEST_HOST)";
				CODE_SIGN_STYLE = Automatic;
				CURRENT_PROJECT_VERSION = 1;
				DEVELOPMENT_TEAM = JUPL36J53E;
				GENERATE_INFOPLIST_FILE = YES;
				IPHONEOS_DEPLOYMENT_TARGET = 13.4;
				MARKETING_VERSION = 1.0;
				PRODUCT_BUNDLE_IDENTIFIER = com.alexeynepryakhin.TrackerTests;
				PRODUCT_NAME = "$(TARGET_NAME)";
				SWIFT_EMIT_LOC_STRINGS = NO;
				SWIFT_VERSION = 5.0;
				TARGETED_DEVICE_FAMILY = "1,2";
				TEST_HOST = "$(BUILT_PRODUCTS_DIR)/Tracker.app/$(BUNDLE_EXECUTABLE_FOLDER_PATH)/Tracker";
			};
			name = Release;
		};
		06FF832A2DE490D100394EA2 /* Debug */ = {
			isa = XCBuildConfiguration;
			buildSettings = {
				ASSETCATALOG_COMPILER_APPICON_NAME = AppIcon;
				ASSETCATALOG_COMPILER_GLOBAL_ACCENT_COLOR_NAME = AccentColor;
				CODE_SIGN_STYLE = Automatic;
				CURRENT_PROJECT_VERSION = 1;
				DEVELOPMENT_TEAM = JUPL36J53E;
				GENERATE_INFOPLIST_FILE = YES;
				INFOPLIST_FILE = Tracker/Info.plist;
				INFOPLIST_KEY_UIApplicationSupportsIndirectInputEvents = YES;
				INFOPLIST_KEY_UILaunchStoryboardName = LaunchScreen;
				INFOPLIST_KEY_UISupportedInterfaceOrientations_iPad = "UIInterfaceOrientationPortrait UIInterfaceOrientationPortraitUpsideDown UIInterfaceOrientationLandscapeLeft UIInterfaceOrientationLandscapeRight";
				INFOPLIST_KEY_UISupportedInterfaceOrientations_iPhone = "UIInterfaceOrientationPortrait UIInterfaceOrientationLandscapeLeft UIInterfaceOrientationLandscapeRight";
				IPHONEOS_DEPLOYMENT_TARGET = 13.4;
				LD_RUNPATH_SEARCH_PATHS = (
					"$(inherited)",
					"@executable_path/Frameworks",
				);
				MARKETING_VERSION = 1.0;
				PRODUCT_BUNDLE_IDENTIFIER = com.alexeynepryakhin.Tracker;
				PRODUCT_NAME = "$(TARGET_NAME)";
				SWIFT_EMIT_LOC_STRINGS = YES;
				SWIFT_VERSION = 5.0;
				TARGETED_DEVICE_FAMILY = "1,2";
			};
			name = Debug;
		};
		06FF832B2DE490D100394EA2 /* Release */ = {
			isa = XCBuildConfiguration;
			buildSettings = {
				ASSETCATALOG_COMPILER_APPICON_NAME = AppIcon;
				ASSETCATALOG_COMPILER_GLOBAL_ACCENT_COLOR_NAME = AccentColor;
				CODE_SIGN_STYLE = Automatic;
				CURRENT_PROJECT_VERSION = 1;
				DEVELOPMENT_TEAM = JUPL36J53E;
				GENERATE_INFOPLIST_FILE = YES;
				INFOPLIST_FILE = Tracker/Info.plist;
				INFOPLIST_KEY_UIApplicationSupportsIndirectInputEvents = YES;
				INFOPLIST_KEY_UILaunchStoryboardName = LaunchScreen;
				INFOPLIST_KEY_UISupportedInterfaceOrientations_iPad = "UIInterfaceOrientationPortrait UIInterfaceOrientationPortraitUpsideDown UIInterfaceOrientationLandscapeLeft UIInterfaceOrientationLandscapeRight";
				INFOPLIST_KEY_UISupportedInterfaceOrientations_iPhone = "UIInterfaceOrientationPortrait UIInterfaceOrientationLandscapeLeft UIInterfaceOrientationLandscapeRight";
				IPHONEOS_DEPLOYMENT_TARGET = 13.4;
				LD_RUNPATH_SEARCH_PATHS = (
					"$(inherited)",
					"@executable_path/Frameworks",
				);
				MARKETING_VERSION = 1.0;
				PRODUCT_BUNDLE_IDENTIFIER = com.alexeynepryakhin.Tracker;
				PRODUCT_NAME = "$(TARGET_NAME)";
				SWIFT_EMIT_LOC_STRINGS = YES;
				SWIFT_VERSION = 5.0;
				TARGETED_DEVICE_FAMILY = "1,2";
			};
			name = Release;
		};
		06FF832C2DE490D100394EA2 /* Debug */ = {
			isa = XCBuildConfiguration;
			buildSettings = {
				ALWAYS_SEARCH_USER_PATHS = NO;
				ASSETCATALOG_COMPILER_GENERATE_SWIFT_ASSET_SYMBOL_EXTENSIONS = YES;
				CLANG_ANALYZER_LOCALIZABILITY_NONLOCALIZED = YES;
				CLANG_ANALYZER_NONNULL = YES;
				CLANG_ANALYZER_NUMBER_OBJECT_CONVERSION = YES_AGGRESSIVE;
				CLANG_CXX_LANGUAGE_STANDARD = "gnu++20";
				CLANG_ENABLE_MODULES = YES;
				CLANG_ENABLE_OBJC_ARC = YES;
				CLANG_ENABLE_OBJC_WEAK = YES;
				CLANG_WARN_BLOCK_CAPTURE_AUTORELEASING = YES;
				CLANG_WARN_BOOL_CONVERSION = YES;
				CLANG_WARN_COMMA = YES;
				CLANG_WARN_CONSTANT_CONVERSION = YES;
				CLANG_WARN_DEPRECATED_OBJC_IMPLEMENTATIONS = YES;
				CLANG_WARN_DIRECT_OBJC_ISA_USAGE = YES_ERROR;
				CLANG_WARN_DOCUMENTATION_COMMENTS = YES;
				CLANG_WARN_EMPTY_BODY = YES;
				CLANG_WARN_ENUM_CONVERSION = YES;
				CLANG_WARN_INFINITE_RECURSION = YES;
				CLANG_WARN_INT_CONVERSION = YES;
				CLANG_WARN_NON_LITERAL_NULL_CONVERSION = YES;
				CLANG_WARN_OBJC_IMPLICIT_RETAIN_SELF = YES;
				CLANG_WARN_OBJC_LITERAL_CONVERSION = YES;
				CLANG_WARN_OBJC_ROOT_CLASS = YES_ERROR;
				CLANG_WARN_QUOTED_INCLUDE_IN_FRAMEWORK_HEADER = YES;
				CLANG_WARN_RANGE_LOOP_ANALYSIS = YES;
				CLANG_WARN_STRICT_PROTOTYPES = YES;
				CLANG_WARN_SUSPICIOUS_MOVE = YES;
				CLANG_WARN_UNGUARDED_AVAILABILITY = YES_AGGRESSIVE;
				CLANG_WARN_UNREACHABLE_CODE = YES;
				CLANG_WARN__DUPLICATE_METHOD_MATCH = YES;
				COPY_PHASE_STRIP = NO;
				DEBUG_INFORMATION_FORMAT = dwarf;
				DEVELOPMENT_TEAM = JUPL36J53E;
				ENABLE_STRICT_OBJC_MSGSEND = YES;
				ENABLE_TESTABILITY = YES;
				ENABLE_USER_SCRIPT_SANDBOXING = YES;
				GCC_C_LANGUAGE_STANDARD = gnu17;
				GCC_DYNAMIC_NO_PIC = NO;
				GCC_NO_COMMON_BLOCKS = YES;
				GCC_OPTIMIZATION_LEVEL = 0;
				GCC_PREPROCESSOR_DEFINITIONS = (
					"DEBUG=1",
					"$(inherited)",
				);
				GCC_WARN_64_TO_32_BIT_CONVERSION = YES;
				GCC_WARN_ABOUT_RETURN_TYPE = YES_ERROR;
				GCC_WARN_UNDECLARED_SELECTOR = YES;
				GCC_WARN_UNINITIALIZED_AUTOS = YES_AGGRESSIVE;
				GCC_WARN_UNUSED_FUNCTION = YES;
				GCC_WARN_UNUSED_VARIABLE = YES;
				IPHONEOS_DEPLOYMENT_TARGET = 18.4;
				LOCALIZATION_PREFERS_STRING_CATALOGS = YES;
				MTL_ENABLE_DEBUG_INFO = INCLUDE_SOURCE;
				MTL_FAST_MATH = YES;
				ONLY_ACTIVE_ARCH = YES;
				SDKROOT = iphoneos;
				SWIFT_ACTIVE_COMPILATION_CONDITIONS = "DEBUG $(inherited)";
				SWIFT_OPTIMIZATION_LEVEL = "-Onone";
			};
			name = Debug;
		};
		06FF832D2DE490D100394EA2 /* Release */ = {
			isa = XCBuildConfiguration;
			buildSettings = {
				ALWAYS_SEARCH_USER_PATHS = NO;
				ASSETCATALOG_COMPILER_GENERATE_SWIFT_ASSET_SYMBOL_EXTENSIONS = YES;
				CLANG_ANALYZER_LOCALIZABILITY_NONLOCALIZED = YES;
				CLANG_ANALYZER_NONNULL = YES;
				CLANG_ANALYZER_NUMBER_OBJECT_CONVERSION = YES_AGGRESSIVE;
				CLANG_CXX_LANGUAGE_STANDARD = "gnu++20";
				CLANG_ENABLE_MODULES = YES;
				CLANG_ENABLE_OBJC_ARC = YES;
				CLANG_ENABLE_OBJC_WEAK = YES;
				CLANG_WARN_BLOCK_CAPTURE_AUTORELEASING = YES;
				CLANG_WARN_BOOL_CONVERSION = YES;
				CLANG_WARN_COMMA = YES;
				CLANG_WARN_CONSTANT_CONVERSION = YES;
				CLANG_WARN_DEPRECATED_OBJC_IMPLEMENTATIONS = YES;
				CLANG_WARN_DIRECT_OBJC_ISA_USAGE = YES_ERROR;
				CLANG_WARN_DOCUMENTATION_COMMENTS = YES;
				CLANG_WARN_EMPTY_BODY = YES;
				CLANG_WARN_ENUM_CONVERSION = YES;
				CLANG_WARN_INFINITE_RECURSION = YES;
				CLANG_WARN_INT_CONVERSION = YES;
				CLANG_WARN_NON_LITERAL_NULL_CONVERSION = YES;
				CLANG_WARN_OBJC_IMPLICIT_RETAIN_SELF = YES;
				CLANG_WARN_OBJC_LITERAL_CONVERSION = YES;
				CLANG_WARN_OBJC_ROOT_CLASS = YES_ERROR;
				CLANG_WARN_QUOTED_INCLUDE_IN_FRAMEWORK_HEADER = YES;
				CLANG_WARN_RANGE_LOOP_ANALYSIS = YES;
				CLANG_WARN_STRICT_PROTOTYPES = YES;
				CLANG_WARN_SUSPICIOUS_MOVE = YES;
				CLANG_WARN_UNGUARDED_AVAILABILITY = YES_AGGRESSIVE;
				CLANG_WARN_UNREACHABLE_CODE = YES;
				CLANG_WARN__DUPLICATE_METHOD_MATCH = YES;
				COPY_PHASE_STRIP = NO;
				DEBUG_INFORMATION_FORMAT = "dwarf-with-dsym";
				DEVELOPMENT_TEAM = JUPL36J53E;
				ENABLE_NS_ASSERTIONS = NO;
				ENABLE_STRICT_OBJC_MSGSEND = YES;
				ENABLE_USER_SCRIPT_SANDBOXING = YES;
				GCC_C_LANGUAGE_STANDARD = gnu17;
				GCC_NO_COMMON_BLOCKS = YES;
				GCC_WARN_64_TO_32_BIT_CONVERSION = YES;
				GCC_WARN_ABOUT_RETURN_TYPE = YES_ERROR;
				GCC_WARN_UNDECLARED_SELECTOR = YES;
				GCC_WARN_UNINITIALIZED_AUTOS = YES_AGGRESSIVE;
				GCC_WARN_UNUSED_FUNCTION = YES;
				GCC_WARN_UNUSED_VARIABLE = YES;
				IPHONEOS_DEPLOYMENT_TARGET = 18.4;
				LOCALIZATION_PREFERS_STRING_CATALOGS = YES;
				MTL_ENABLE_DEBUG_INFO = NO;
				MTL_FAST_MATH = YES;
				SDKROOT = iphoneos;
				SWIFT_COMPILATION_MODE = wholemodule;
				VALIDATE_PRODUCT = YES;
			};
			name = Release;
		};
/* End XCBuildConfiguration section */

/* Begin XCConfigurationList section */
		06152DA72E2D4D7D00EA86B6 /* Build configuration list for PBXNativeTarget "TrackerTests" */ = {
			isa = XCConfigurationList;
			buildConfigurations = (
				06152DA82E2D4D7D00EA86B6 /* Debug */,
				06152DA92E2D4D7D00EA86B6 /* Release */,
			);
			defaultConfigurationIsVisible = 0;
			defaultConfigurationName = Release;
		};
		06FF83112DE490CF00394EA2 /* Build configuration list for PBXProject "Tracker" */ = {
			isa = XCConfigurationList;
			buildConfigurations = (
				06FF832C2DE490D100394EA2 /* Debug */,
				06FF832D2DE490D100394EA2 /* Release */,
			);
			defaultConfigurationIsVisible = 0;
			defaultConfigurationName = Release;
		};
		06FF83292DE490D100394EA2 /* Build configuration list for PBXNativeTarget "Tracker" */ = {
			isa = XCConfigurationList;
			buildConfigurations = (
				06FF832A2DE490D100394EA2 /* Debug */,
				06FF832B2DE490D100394EA2 /* Release */,
			);
			defaultConfigurationIsVisible = 0;
			defaultConfigurationName = Release;
		};
/* End XCConfigurationList section */

/* Begin XCRemoteSwiftPackageReference section */
		06152DAA2E2D4DA800EA86B6 /* XCRemoteSwiftPackageReference "swift-snapshot-testing" */ = {
			isa = XCRemoteSwiftPackageReference;
			repositoryURL = "https://github.com/pointfreeco/swift-snapshot-testing";
			requirement = {
				kind = upToNextMajorVersion;
				minimumVersion = 1.18.5;
			};
		};
		0669CAA32E2E66A6003E87D1 /* XCRemoteSwiftPackageReference "appmetrica-sdk-ios" */ = {
			isa = XCRemoteSwiftPackageReference;
			repositoryURL = "https://github.com/appmetrica/appmetrica-sdk-ios";
			requirement = {
				kind = upToNextMajorVersion;
				minimumVersion = 5.11.2;
			};
		};
/* End XCRemoteSwiftPackageReference section */

/* Begin XCSwiftPackageProductDependency section */
		06152DAB2E2D4DA800EA86B6 /* InlineSnapshotTesting */ = {
			isa = XCSwiftPackageProductDependency;
			package = 06152DAA2E2D4DA800EA86B6 /* XCRemoteSwiftPackageReference "swift-snapshot-testing" */;
			productName = InlineSnapshotTesting;
		};
		06152DAD2E2D4DA800EA86B6 /* SnapshotTesting */ = {
			isa = XCSwiftPackageProductDependency;
			package = 06152DAA2E2D4DA800EA86B6 /* XCRemoteSwiftPackageReference "swift-snapshot-testing" */;
			productName = SnapshotTesting;
		};
		06152DAF2E2D4DA800EA86B6 /* SnapshotTestingCustomDump */ = {
			isa = XCSwiftPackageProductDependency;
			package = 06152DAA2E2D4DA800EA86B6 /* XCRemoteSwiftPackageReference "swift-snapshot-testing" */;
			productName = SnapshotTestingCustomDump;
		};
		0669CAA42E2E66A6003E87D1 /* AppMetricaAdSupport */ = {
			isa = XCSwiftPackageProductDependency;
			package = 0669CAA32E2E66A6003E87D1 /* XCRemoteSwiftPackageReference "appmetrica-sdk-ios" */;
			productName = AppMetricaAdSupport;
		};
		0669CAA62E2E66A6003E87D1 /* AppMetricaCore */ = {
			isa = XCSwiftPackageProductDependency;
			package = 0669CAA32E2E66A6003E87D1 /* XCRemoteSwiftPackageReference "appmetrica-sdk-ios" */;
			productName = AppMetricaCore;
		};
		0669CAA82E2E66A6003E87D1 /* AppMetricaCrashes */ = {
			isa = XCSwiftPackageProductDependency;
			package = 0669CAA32E2E66A6003E87D1 /* XCRemoteSwiftPackageReference "appmetrica-sdk-ios" */;
			productName = AppMetricaCrashes;
		};
		0669CAAA2E2E66A6003E87D1 /* AppMetricaLibraryAdapter */ = {
			isa = XCSwiftPackageProductDependency;
			package = 0669CAA32E2E66A6003E87D1 /* XCRemoteSwiftPackageReference "appmetrica-sdk-ios" */;
			productName = AppMetricaLibraryAdapter;
		};
		0669CAAC2E2E66A6003E87D1 /* AppMetricaScreenshot */ = {
			isa = XCSwiftPackageProductDependency;
			package = 0669CAA32E2E66A6003E87D1 /* XCRemoteSwiftPackageReference "appmetrica-sdk-ios" */;
			productName = AppMetricaScreenshot;
		};
		0669CAAE2E2E66A6003E87D1 /* AppMetricaWebKit */ = {
			isa = XCSwiftPackageProductDependency;
			package = 0669CAA32E2E66A6003E87D1 /* XCRemoteSwiftPackageReference "appmetrica-sdk-ios" */;
			productName = AppMetricaWebKit;
		};
/* End XCSwiftPackageProductDependency section */
	};
	rootObject = 06FF830E2DE490CF00394EA2 /* Project object */;
}
